
Microsoft Visual Studio Solution File, Format Version 12.00
# Visual Studio Version 16
VisualStudioVersion = 16.0.29613.14
MinimumVisualStudioVersion = 10.0.40219.1
Project("{FAE04EC0-301F-11D3-BF4B-00C04F79EFBC}") = "Lager", "Lager\Lager.csproj", "{FDAD44E4-D7A2-4379-AD2E-805B9B03B1F7}"
EndProject
Global
	GlobalSection(SolutionConfigurationPlatforms) = preSolution
		Debug|Any CPU = Debug|Any CPU
		Release|Any CPU = Release|Any CPU
	EndGlobalSection
	GlobalSection(ProjectConfigurationPlatforms) = postSolution
		{FDAD44E4-D7A2-4379-AD2E-805B9B03B1F7}.Debug|Any CPU.ActiveCfg = Debug|Any CPU
		{FDAD44E4-D7A2-4379-AD2E-805B9B03B1F7}.Debug|Any CPU.Build.0 = Debug|Any CPU
		{FDAD44E4-D7A2-4379-AD2E-805B9B03B1F7}.Release|Any CPU.ActiveCfg = Release|Any CPU
		{FDAD44E4-D7A2-4379-AD2E-805B9B03B1F7}.Release|Any CPU.Build.0 = Release|Any CPU
	EndGlobalSection
	GlobalSection(SolutionProperties) = preSolution
		HideSolutionNode = FALSE
	EndGlobalSection
	GlobalSection(ExtensibilityGlobals) = postSolution
		SolutionGuid = {42FFC973-F14C-4603-8649-144C58A98E37}
	EndGlobalSection
EndGlobal
